# This file was autogenerated by Stack.
# You should not edit this file by hand.
# For more information, please see the documentation at:
#   https://docs.haskellstack.org/en/stable/lock_files

packages:
- completed:
    hackage: free-foil-0.2.0@sha256:7f99c518a63ff314c7c8ca9776625e22ef56c5170593b52c82fea6f461ac753b,3300
    pantry-tree:
      sha256: f7e45cc53601ff9f70113d0b156465f062b423ed74816159c73210a584cd9126
      size: 1853
  original:
    hackage: free-foil-0.2.0
snapshots:
- completed:
    sha256: 867086a789eaf6da9f48a56bb5e8bfd6df27b120023c144cc7bbec5c95717915
    size: 669588
    url: https://raw.githubusercontent.com/commercialhaskell/stackage-snapshots/master/nightly/2024/10/21.yaml
  original: nightly-2024-10-21
